// !$*UTF8*$!
{
	archiveVersion = 1;
	classes = {
	};
	objectVersion = 55;
	objects = {

/* Begin PBXBuildFile section */
		DA03465527E2CD79003F3CD8 /* AppDelegate.swift in Sources */ = {isa = PBXBuildFile; fileRef = DA03465427E2CD79003F3CD8 /* AppDelegate.swift */; };
		DA03465727E2CD79003F3CD8 /* SceneDelegate.swift in Sources */ = {isa = PBXBuildFile; fileRef = DA03465627E2CD79003F3CD8 /* SceneDelegate.swift */; };
		DA03465927E2CD79003F3CD8 /* ViewController.swift in Sources */ = {isa = PBXBuildFile; fileRef = DA03465827E2CD79003F3CD8 /* ViewController.swift */; };
		DA03465C27E2CD79003F3CD8 /* Main.storyboard in Resources */ = {isa = PBXBuildFile; fileRef = DA03465A27E2CD79003F3CD8 /* Main.storyboard */; };
		DA03465E27E2CD79003F3CD8 /* Assets.xcassets in Resources */ = {isa = PBXBuildFile; fileRef = DA03465D27E2CD79003F3CD8 /* Assets.xcassets */; };
		DA03466127E2CD79003F3CD8 /* LaunchScreen.storyboard in Resources */ = {isa = PBXBuildFile; fileRef = DA03465F27E2CD79003F3CD8 /* LaunchScreen.storyboard */; };
		DA03466927E2D32F003F3CD8 /* HistoryController.swift in Sources */ = {isa = PBXBuildFile; fileRef = DA03466827E2D32F003F3CD8 /* HistoryController.swift */; };
		DA03468B27E503F4003F3CD8 /* Weather.swift in Sources */ = {isa = PBXBuildFile; fileRef = DA03468A27E503F4003F3CD8 /* Weather.swift */; };
		DA03468F27E546A7003F3CD8 /* History.swift in Sources */ = {isa = PBXBuildFile; fileRef = DA03468E27E546A7003F3CD8 /* History.swift */; };
		DA03469127E594F5003F3CD8 /* HistoryTableViewCell.swift in Sources */ = {isa = PBXBuildFile; fileRef = DA03469027E594F5003F3CD8 /* HistoryTableViewCell.swift */; };
/* End PBXBuildFile section */

/* Begin PBXFileReference section */
		DA03465127E2CD79003F3CD8 /* a3-davidzhu-dzhu34.app */ = {isa = PBXFileReference; explicitFileType = wrapper.application; includeInIndex = 0; path = "a3-davidzhu-dzhu34.app"; sourceTree = BUILT_PRODUCTS_DIR; };
		DA03465427E2CD79003F3CD8 /* AppDelegate.swift */ = {isa = PBXFileReference; lastKnownFileType = sourcecode.swift; path = AppDelegate.swift; sourceTree = "<group>"; };
		DA03465627E2CD79003F3CD8 /* SceneDelegate.swift */ = {isa = PBXFileReference; lastKnownFileType = sourcecode.swift; path = SceneDelegate.swift; sourceTree = "<group>"; };
		DA03465827E2CD79003F3CD8 /* ViewController.swift */ = {isa = PBXFileReference; lastKnownFileType = sourcecode.swift; path = ViewController.swift; sourceTree = "<group>"; };
		DA03465B27E2CD79003F3CD8 /* Base */ = {isa = PBXFileReference; lastKnownFileType = file.storyboard; name = Base; path = Base.lproj/Main.storyboard; sourceTree = "<group>"; };
		DA03465D27E2CD79003F3CD8 /* Assets.xcassets */ = {isa = PBXFileReference; lastKnownFileType = folder.assetcatalog; path = Assets.xcassets; sourceTree = "<group>"; };
		DA03466027E2CD79003F3CD8 /* Base */ = {isa = PBXFileReference; lastKnownFileType = file.storyboard; name = Base; path = Base.lproj/LaunchScreen.storyboard; sourceTree = "<group>"; };
		DA03466227E2CD79003F3CD8 /* Info.plist */ = {isa = PBXFileReference; lastKnownFileType = text.plist.xml; path = Info.plist; sourceTree = "<group>"; };
		DA03466827E2D32F003F3CD8 /* HistoryController.swift */ = {isa = PBXFileReference; lastKnownFileType = sourcecode.swift; path = HistoryController.swift; sourceTree = "<group>"; };
		DA03468A27E503F4003F3CD8 /* Weather.swift */ = {isa = PBXFileReference; lastKnownFileType = sourcecode.swift; path = Weather.swift; sourceTree = "<group>"; };
		DA03468E27E546A7003F3CD8 /* History.swift */ = {isa = PBXFileReference; lastKnownFileType = sourcecode.swift; path = History.swift; sourceTree = "<group>"; };
		DA03469027E594F5003F3CD8 /* HistoryTableViewCell.swift */ = {isa = PBXFileReference; lastKnownFileType = sourcecode.swift; path = HistoryTableViewCell.swift; sourceTree = "<group>"; };
/* End PBXFileReference section */

/* Begin PBXFrameworksBuildPhase section */
		DA03464E27E2CD78003F3CD8 /* Frameworks */ = {
			isa = PBXFrameworksBuildPhase;
			buildActionMask = 2147483647;
			files = (
			);
			runOnlyForDeploymentPostprocessing = 0;
		};
/* End PBXFrameworksBuildPhase section */

/* Begin PBXGroup section */
		DA03464827E2CD78003F3CD8 = {
			isa = PBXGroup;
			children = (
				DA03465327E2CD79003F3CD8 /* a3-davidzhu-dzhu34 */,
				DA03465227E2CD79003F3CD8 /* Products */,
			);
			sourceTree = "<group>";
		};
		DA03465227E2CD79003F3CD8 /* Products */ = {
			isa = PBXGroup;
			children = (
				DA03465127E2CD79003F3CD8 /* a3-davidzhu-dzhu34.app */,
			);
			name = Products;
			sourceTree = "<group>";
		};
		DA03465327E2CD79003F3CD8 /* a3-davidzhu-dzhu34 */ = {
			isa = PBXGroup;
			children = (
				DAB31C9827EBAB7D00DE1B18 /* ViewController */,
				DA03465427E2CD79003F3CD8 /* AppDelegate.swift */,
				DA03465627E2CD79003F3CD8 /* SceneDelegate.swift */,
				DAB31C9927EBAC5200DE1B18 /* Class */,
				DA03465A27E2CD79003F3CD8 /* Main.storyboard */,
				DA03465D27E2CD79003F3CD8 /* Assets.xcassets */,
				DA03465F27E2CD79003F3CD8 /* LaunchScreen.storyboard */,
				DA03466227E2CD79003F3CD8 /* Info.plist */,
			);
			path = "a3-davidzhu-dzhu34";
			sourceTree = "<group>";
		};
		DAB31C9827EBAB7D00DE1B18 /* ViewController */ = {
			isa = PBXGroup;
			children = (
				DA03465827E2CD79003F3CD8 /* ViewController.swift */,
				DA03469027E594F5003F3CD8 /* HistoryTableViewCell.swift */,
				DA03466827E2D32F003F3CD8 /* HistoryController.swift */,
			);
			name = ViewController;
			sourceTree = "<group>";
		};
		DAB31C9927EBAC5200DE1B18 /* Class */ = {
			isa = PBXGroup;
			children = (
				DA03468A27E503F4003F3CD8 /* Weather.swift */,
				DA03468E27E546A7003F3CD8 /* History.swift */,
			);
			name = Class;
			sourceTree = "<group>";
		};
/* End PBXGroup section */

/* Begin PBXNativeTarget section */
		DA03465027E2CD78003F3CD8 /* a3-davidzhu-dzhu34 */ = {
			isa = PBXNativeTarget;
			buildConfigurationList = DA03466527E2CD79003F3CD8 /* Build configuration list for PBXNativeTarget "a3-davidzhu-dzhu34" */;
			buildPhases = (
				DA03464D27E2CD78003F3CD8 /* Sources */,
				DA03464E27E2CD78003F3CD8 /* Frameworks */,
				DA03464F27E2CD78003F3CD8 /* Resources */,
			);
			buildRules = (
			);
			dependencies = (
			);
			name = "a3-davidzhu-dzhu34";
			productName = "a3-davidzhu-dzhu34";
			productReference = DA03465127E2CD79003F3CD8 /* a3-davidzhu-dzhu34.app */;
			productType = "com.apple.product-type.application";
		};
/* End PBXNativeTarget section */

/* Begin PBXProject section */
		DA03464927E2CD78003F3CD8 /* Project object */ = {
			isa = PBXProject;
			attributes = {
				BuildIndependentTargetsInParallel = 1;
				LastSwiftUpdateCheck = 1320;
				LastUpgradeCheck = 1320;
				TargetAttributes = {
					DA03465027E2CD78003F3CD8 = {
						CreatedOnToolsVersion = 13.2.1;
					};
				};
			};
			buildConfigurationList = DA03464C27E2CD78003F3CD8 /* Build configuration list for PBXProject "a3-davidzhu-dzhu34" */;
			compatibilityVersion = "Xcode 13.0";
			developmentRegion = en;
			hasScannedForEncodings = 0;
			knownRegions = (
				en,
				Base,
			);
			mainGroup = DA03464827E2CD78003F3CD8;
			productRefGroup = DA03465227E2CD79003F3CD8 /* Products */;
			projectDirPath = "";
			projectRoot = "";
			targets = (
				DA03465027E2CD78003F3CD8 /* a3-davidzhu-dzhu34 */,
			);
		};
/* End PBXProject section */

/* Begin PBXResourcesBuildPhase section */
		DA03464F27E2CD78003F3CD8 /* Resources */ = {
			isa = PBXResourcesBuildPhase;
			buildActionMask = 2147483647;
			files = (
				DA03466127E2CD79003F3CD8 /* LaunchScreen.storyboard in Resources */,
				DA03465E27E2CD79003F3CD8 /* Assets.xcassets in Resources */,
				DA03465C27E2CD79003F3CD8 /* Main.storyboard in Resources */,
			);
			runOnlyForDeploymentPostprocessing = 0;
		};
/* End PBXResourcesBuildPhase section */

/* Begin PBXSourcesBuildPhase section */
		DA03464D27E2CD78003F3CD8 /* Sources */ = {
			isa = PBXSourcesBuildPhase;
			buildActionMask = 2147483647;
			files = (
				DA03468F27E546A7003F3CD8 /* History.swift in Sources */,
				DA03466927E2D32F003F3CD8 /* HistoryController.swift in Sources */,
				DA03469127E594F5003F3CD8 /* HistoryTableViewCell.swift in Sources */,
				DA03465927E2CD79003F3CD8 /* ViewController.swift in Sources */,
				DA03465527E2CD79003F3CD8 /* AppDelegate.swift in Sources */,
				DA03465727E2CD79003F3CD8 /* SceneDelegate.swift in Sources */,
				DA03468B27E503F4003F3CD8 /* Weather.swift in Sources */,
			);
			runOnlyForDeploymentPostprocessing = 0;
		};
/* End PBXSourcesBuildPhase section */

/* Begin PBXVariantGroup section */
		DA03465A27E2CD79003F3CD8 /* Main.storyboard */ = {
			isa = PBXVariantGroup;
			children = (
				DA03465B27E2CD79003F3CD8 /* Base */,
			);
			name = Main.storyboard;
			sourceTree = "<group>";
		};
		DA03465F27E2CD79003F3CD8 /* LaunchScreen.storyboard */ = {
			isa = PBXVariantGroup;
			children = (
				DA03466027E2CD79003F3CD8 /* Base */,
			);
			name = LaunchScreen.storyboard;
			sourceTree = "<group>";
		};
/* End PBXVariantGroup section */

/* Begin XCBuildConfiguration section */
		DA03466327E2CD79003F3CD8 /* Debug */ = {
			isa = XCBuildConfiguration;
			buildSettings = {
				ALWAYS_SEARCH_USER_PATHS = NO;
				CLANG_ANALYZER_NONNULL = YES;
				CLANG_ANALYZER_NUMBER_OBJECT_CONVERSION = YES_AGGRESSIVE;
				CLANG_CXX_LANGUAGE_STANDARD = "gnu++17";
				CLANG_CXX_LIBRARY = "libc++";
				CLANG_ENABLE_MODULES = YES;
				CLANG_ENABLE_OBJC_ARC = YES;
				CLANG_ENABLE_OBJC_WEAK = YES;
				CLANG_WARN_BLOCK_CAPTURE_AUTORELEASING = YES;
				CLANG_WARN_BOOL_CONVERSION = YES;
				CLANG_WARN_COMMA = YES;
				CLANG_WARN_CONSTANT_CONVERSION = YES;
				CLANG_WARN_DEPRECATED_OBJC_IMPLEMENTATIONS = YES;
				CLANG_WARN_DIRECT_OBJC_ISA_USAGE = YES_ERROR;
				CLANG_WARN_DOCUMENTATION_COMMENTS = YES;
				CLANG_WARN_EMPTY_BODY = YES;
				CLANG_WARN_ENUM_CONVERSION = YES;
				CLANG_WARN_INFINITE_RECURSION = YES;
				CLANG_WARN_INT_CONVERSION = YES;
				CLANG_WARN_NON_LITERAL_NULL_CONVERSION = YES;
				CLANG_WARN_OBJC_IMPLICIT_RETAIN_SELF = YES;
				CLANG_WARN_OBJC_LITERAL_CONVERSION = YES;
				CLANG_WARN_OBJC_ROOT_CLASS = YES_ERROR;
				CLANG_WARN_QUOTED_INCLUDE_IN_FRAMEWORK_HEADER = YES;
				CLANG_WARN_RANGE_LOOP_ANALYSIS = YES;
				CLANG_WARN_STRICT_PROTOTYPES = YES;
				CLANG_WARN_SUSPICIOUS_MOVE = YES;
				CLANG_WARN_UNGUARDED_AVAILABILITY = YES_AGGRESSIVE;
				CLANG_WARN_UNREACHABLE_CODE = YES;
				CLANG_WARN__DUPLICATE_METHOD_MATCH = YES;
				COPY_PHASE_STRIP = NO;
				DEBUG_INFORMATION_FORMAT = dwarf;
				ENABLE_STRICT_OBJC_MSGSEND = YES;
				ENABLE_TESTABILITY = YES;
				GCC_C_LANGUAGE_STANDARD = gnu11;
				GCC_DYNAMIC_NO_PIC = NO;
				GCC_NO_COMMON_BLOCKS = YES;
				GCC_OPTIMIZATION_LEVEL = 0;
				GCC_PREPROCESSOR_DEFINITIONS = (
					"DEBUG=1",
					"$(inherited)",
				);
				GCC_WARN_64_TO_32_BIT_CONVERSION = YES;
				GCC_WARN_ABOUT_RETURN_TYPE = YES_ERROR;
				GCC_WARN_UNDECLARED_SELECTOR = YES;
				GCC_WARN_UNINITIALIZED_AUTOS = YES_AGGRESSIVE;
				GCC_WARN_UNUSED_FUNCTION = YES;
				GCC_WARN_UNUSED_VARIABLE = YES;
				IPHONEOS_DEPLOYMENT_TARGET = 15.2;
				MTL_ENABLE_DEBUG_INFO = INCLUDE_SOURCE;
				MTL_FAST_MATH = YES;
				ONLY_ACTIVE_ARCH = YES;
				SDKROOT = iphoneos;
				SWIFT_ACTIVE_COMPILATION_CONDITIONS = DEBUG;
				SWIFT_OPTIMIZATION_LEVEL = "-Onone";
			};
			name = Debug;
		};
		DA03466427E2CD79003F3CD8 /* Release */ = {
			isa = XCBuildConfiguration;
			buildSettings = {
				ALWAYS_SEARCH_USER_PATHS = NO;
				CLANG_ANALYZER_NONNULL = YES;
				CLANG_ANALYZER_NUMBER_OBJECT_CONVERSION = YES_AGGRESSIVE;
				CLANG_CXX_LANGUAGE_STANDARD = "gnu++17";
				CLANG_CXX_LIBRARY = "libc++";
				CLANG_ENABLE_MODULES = YES;
				CLANG_ENABLE_OBJC_ARC = YES;
				CLANG_ENABLE_OBJC_WEAK = YES;
				CLANG_WARN_BLOCK_CAPTURE_AUTORELEASING = YES;
				CLANG_WARN_BOOL_CONVERSION = YES;
				CLANG_WARN_COMMA = YES;
				CLANG_WARN_CONSTANT_CONVERSION = YES;
				CLANG_WARN_DEPRECATED_OBJC_IMPLEMENTATIONS = YES;
				CLANG_WARN_DIRECT_OBJC_ISA_USAGE = YES_ERROR;
				CLANG_WARN_DOCUMENTATION_COMMENTS = YES;
				CLANG_WARN_EMPTY_BODY = YES;
				CLANG_WARN_ENUM_CONVERSION = YES;
				CLANG_WARN_INFINITE_RECURSION = YES;
				CLANG_WARN_INT_CONVERSION = YES;
				CLANG_WARN_NON_LITERAL_NULL_CONVERSION = YES;
				CLANG_WARN_OBJC_IMPLICIT_RETAIN_SELF = YES;
				CLANG_WARN_OBJC_LITERAL_CONVERSION = YES;
				CLANG_WARN_OBJC_ROOT_CLASS = YES_ERROR;
				CLANG_WARN_QUOTED_INCLUDE_IN_FRAMEWORK_HEADER = YES;
				CLANG_WARN_RANGE_LOOP_ANALYSIS = YES;
				CLANG_WARN_STRICT_PROTOTYPES = YES;
				CLANG_WARN_SUSPICIOUS_MOVE = YES;
				CLANG_WARN_UNGUARDED_AVAILABILITY = YES_AGGRESSIVE;
				CLANG_WARN_UNREACHABLE_CODE = YES;
				CLANG_WARN__DUPLICATE_METHOD_MATCH = YES;
				COPY_PHASE_STRIP = NO;
				DEBUG_INFORMATION_FORMAT = "dwarf-with-dsym";
				ENABLE_NS_ASSERTIONS = NO;
				ENABLE_STRICT_OBJC_MSGSEND = YES;
				GCC_C_LANGUAGE_STANDARD = gnu11;
				GCC_NO_COMMON_BLOCKS = YES;
				GCC_WARN_64_TO_32_BIT_CONVERSION = YES;
				GCC_WARN_ABOUT_RETURN_TYPE = YES_ERROR;
				GCC_WARN_UNDECLARED_SELECTOR = YES;
				GCC_WARN_UNINITIALIZED_AUTOS = YES_AGGRESSIVE;
				GCC_WARN_UNUSED_FUNCTION = YES;
				GCC_WARN_UNUSED_VARIABLE = YES;
				IPHONEOS_DEPLOYMENT_TARGET = 15.2;
				MTL_ENABLE_DEBUG_INFO = NO;
				MTL_FAST_MATH = YES;
				SDKROOT = iphoneos;
				SWIFT_COMPILATION_MODE = wholemodule;
				SWIFT_OPTIMIZATION_LEVEL = "-O";
				VALIDATE_PRODUCT = YES;
			};
			name = Release;
		};
		DA03466627E2CD79003F3CD8 /* Debug */ = {
			isa = XCBuildConfiguration;
			buildSettings = {
				ASSETCATALOG_COMPILER_APPICON_NAME = AppIcon;
				ASSETCATALOG_COMPILER_GLOBAL_ACCENT_COLOR_NAME = AccentColor;
				CODE_SIGN_STYLE = Automatic;
				CURRENT_PROJECT_VERSION = 1;
				GENERATE_INFOPLIST_FILE = YES;
				INFOPLIST_FILE = "a3-davidzhu-dzhu34/Info.plist";
				INFOPLIST_KEY_UIApplicationSupportsIndirectInputEvents = YES;
				INFOPLIST_KEY_UILaunchStoryboardName = LaunchScreen;
				INFOPLIST_KEY_UIMainStoryboardFile = Main;
				INFOPLIST_KEY_UISupportedInterfaceOrientations_iPad = "UIInterfaceOrientationPortrait UIInterfaceOrientationPortraitUpsideDown UIInterfaceOrientationLandscapeLeft UIInterfaceOrientationLandscapeRight";
				INFOPLIST_KEY_UISupportedInterfaceOrientations_iPhone = "UIInterfaceOrientationPortrait UIInterfaceOrientationLandscapeLeft UIInterfaceOrientationLandscapeRight";
				LD_RUNPATH_SEARCH_PATHS = (
					"$(inherited)",
					"@executable_path/Frameworks",
				);
				MARKETING_VERSION = 1.0;
				PRODUCT_BUNDLE_IDENTIFIER = "com.test.a3-davidzhu-dzhu34";
				PRODUCT_NAME = "$(TARGET_NAME)";
				SWIFT_EMIT_LOC_STRINGS = YES;
				SWIFT_VERSION = 5.0;
				TARGETED_DEVICE_FAMILY = "1,2";
			};
			name = Debug;
		};
		DA03466727E2CD79003F3CD8 /* Release */ = {
			isa = XCBuildConfiguration;
			buildSettings = {
				ASSETCATALOG_COMPILER_APPICON_NAME = AppIcon;
				ASSETCATALOG_COMPILER_GLOBAL_ACCENT_COLOR_NAME = AccentColor;
				CODE_SIGN_STYLE = Automatic;
				CURRENT_PROJECT_VERSION = 1;
				GENERATE_INFOPLIST_FILE = YES;
				INFOPLIST_FILE = "a3-davidzhu-dzhu34/Info.plist";
				INFOPLIST_KEY_UIApplicationSupportsIndirectInputEvents = YES;
				INFOPLIST_KEY_UILaunchStoryboardName = LaunchScreen;
				INFOPLIST_KEY_UIMainStoryboardFile = Main;
				INFOPLIST_KEY_UISupportedInterfaceOrientations_iPad = "UIInterfaceOrientationPortrait UIInterfaceOrientationPortraitUpsideDown UIInterfaceOrientationLandscapeLeft UIInterfaceOrientationLandscapeRight";
				INFOPLIST_KEY_UISupportedInterfaceOrientations_iPhone = "UIInterfaceOrientationPortrait UIInterfaceOrientationLandscapeLeft UIInterfaceOrientationLandscapeRight";
				LD_RUNPATH_SEARCH_PATHS = (
					"$(inherited)",
					"@executable_path/Frameworks",
				);
				MARKETING_VERSION = 1.0;
				PRODUCT_BUNDLE_IDENTIFIER = "com.test.a3-davidzhu-dzhu34";
				PRODUCT_NAME = "$(TARGET_NAME)";
				SWIFT_EMIT_LOC_STRINGS = YES;
				SWIFT_VERSION = 5.0;
				TARGETED_DEVICE_FAMILY = "1,2";
			};
			name = Release;
		};
/* End XCBuildConfiguration section */

/* Begin XCConfigurationList section */
		DA03464C27E2CD78003F3CD8 /* Build configuration list for PBXProject "a3-davidzhu-dzhu34" */ = {
			isa = XCConfigurationList;
			buildConfigurations = (
				DA03466327E2CD79003F3CD8 /* Debug */,
				DA03466427E2CD79003F3CD8 /* Release */,
			);
			defaultConfigurationIsVisible = 0;
			defaultConfigurationName = Release;
		};
		DA03466527E2CD79003F3CD8 /* Build configuration list for PBXNativeTarget "a3-davidzhu-dzhu34" */ = {
			isa = XCConfigurationList;
			buildConfigurations = (
				DA03466627E2CD79003F3CD8 /* Debug */,
				DA03466727E2CD79003F3CD8 /* Release */,
			);
			defaultConfigurationIsVisible = 0;
			defaultConfigurationName = Release;
		};
/* End XCConfigurationList section */
	};
	rootObject = DA03464927E2CD78003F3CD8 /* Project object */;
}
